{
  "name": "blind75",
  "version": "1.0.0",
  "lockfileVersion": 3,
  "requires": true,
  "packages": {
    "": {
      "name": "blind75",
      "version": "1.0.0",
      "license": "ISC",
      "dependencies": {
        "@datastructures-js/priority-queue": "^6.3.0",
        "priority-queue-ts": "^0.4.1",
        "priorityqueuejs": "^2.0.0",
        "queue-priority": "^1.0.0",
        "ts-data-structures": "^1.0.5",
        "typescript-collections": "^1.3.3"
      },
      "devDependencies": {
        "@types/priorityqueuejs": "^1.0.1",
        "typescript": "^5.1.6"
      }
    },
    "node_modules/@datastructures-js/heap": {
      "version": "4.3.2",
      "resolved": "https://registry.npmjs.org/@datastructures-js/heap/-/heap-4.3.2.tgz",
      "integrity": "sha512-7/9QSsIZ+wMG3C9++mz9iOjdtTp9C036PISHvNjG3eyFO8nXOBJQFKgeV7M6/+EPl+oXXFRGBb8Ue60LsqTqGw=="
    },
    "node_modules/@datastructures-js/priority-queue": {
      "version": "6.3.0",
      "resolved": "https://registry.npmjs.org/@datastructures-js/priority-queue/-/priority-queue-6.3.0.tgz",
      "integrity": "sha512-bJkryPys8zVYMCSjyBPYzJlw5V2kMeOYzGHRBXiGkwqTv8vZ/Ux5RO736T8Y6l3cH+ocbQV9UxlsFwA9qI4VhA==",
      "dependencies": {
        "@datastructures-js/heap": "^4.3.1"
      }
    },
    "node_modules/@types/priorityqueuejs": {
      "version": "1.0.1",
      "resolved": "https://registry.npmjs.org/@types/priorityqueuejs/-/priorityqueuejs-1.0.1.tgz",
      "integrity": "sha512-rt2GvuoXcYb+R4X8SF4jlTSXDWoUmkZf7OB8iTRRfE5dmqHn47rY8CRIEPDD5lY28cU86+xXYQ5RsXq/9nydvQ==",
      "dev": true
    },
    "node_modules/priority-queue-ts": {
      "version": "0.4.1",
      "resolved": "https://registry.npmjs.org/priority-queue-ts/-/priority-queue-ts-0.4.1.tgz",
      "integrity": "sha512-39UJtRceMmHFp6Xp1GBWO0VLxL+aFFe/Q/SAm8X+m6j/z5k6816nz6JPlh4dljROrRs7/+0FoEkkHENGGxYTmw=="
    },
    "node_modules/priorityqueuejs": {
      "version": "2.0.0",
      "resolved": "https://registry.npmjs.org/priorityqueuejs/-/priorityqueuejs-2.0.0.tgz",
      "integrity": "sha512-19BMarhgpq3x4ccvVi8k2QpJZcymo/iFUcrhPd4V96kYGovOdTsWwy7fxChYi4QY+m2EnGBWSX9Buakz+tWNQQ=="
    },
    "node_modules/queue-priority": {
      "version": "1.0.0",
      "resolved": "https://registry.npmjs.org/queue-priority/-/queue-priority-1.0.0.tgz",
      "integrity": "sha512-Gj7Sn7IrbVrwhdt4lW27JIauG0E6Kuo+s8OG3gfGwcu5vzwu+d95J0g2QCxPkGvn7eqxshwjNy8fUjclvK4+NQ==",
      "engines": {
        "node": "~0.4"
      }
    },
    "node_modules/ts-data-structures": {
      "version": "1.0.5",
      "resolved": "https://registry.npmjs.org/ts-data-structures/-/ts-data-structures-1.0.5.tgz",
      "integrity": "sha512-ofFrpooTK1uvLnrGJinkfVSFtwnrT+RGrNDAgFurK9WO8oCnzelgDrJhXS6F7o28h+7oMnBdL5TAt30URnHs4g==",
      "dependencies": {
        "ts-hashcode": "^1.0.2"
      },
      "engines": {
        "node": ">=0.10.0"
      }
    },
    "node_modules/ts-hashcode": {
      "version": "1.0.2",
      "resolved": "https://registry.npmjs.org/ts-hashcode/-/ts-hashcode-1.0.2.tgz",
      "integrity": "sha512-GirnexaWGaWiI3r6Ut64Kjd18eI6ugPHV/ka5GzanYy4VVwDCQrXymuLz42sUfnyD/2XwFqbpWfp4+CMoIJ4fA==",
      "dependencies": {
        "typeof-util": "^1.0.7"
      },
      "engines": {
        "node": ">=0.10.0"
      }
    },
    "node_modules/typeof-util": {
      "version": "1.0.7",
      "resolved": "https://registry.npmjs.org/typeof-util/-/typeof-util-1.0.7.tgz",
      "integrity": "sha512-uFUnoQlZrMtzmOeu1R49YgAouJnRjTqcrYCKfUq5HCE30ZXuh16x/Pmr7IRBkjvG9XJfhGcde2qBpjOt2S1HtQ==",
      "engines": {
        "node": ">=0.10.0"
      }
    },
    "node_modules/typescript": {
      "version": "5.1.6",
      "resolved": "https://registry.npmjs.org/typescript/-/typescript-5.1.6.tgz",
      "integrity": "sha512-zaWCozRZ6DLEWAWFrVDz1H6FVXzUSfTy5FUMWsQlU8Ym5JP9eO4xkTIROFCQvhQf61z6O/G6ugw3SgAnvvm+HA==",
      "dev": true,
      "bin": {
        "tsc": "bin/tsc",
        "tsserver": "bin/tsserver"
      },
      "engines": {
        "node": ">=14.17"
      }
    },
    "node_modules/typescript-collections": {
      "version": "1.3.3",
      "resolved": "https://registry.npmjs.org/typescript-collections/-/typescript-collections-1.3.3.tgz",
      "integrity": "sha512-7sI4e/bZijOzyURng88oOFZCISQPTHozfE2sUu5AviFYk5QV7fYGb6YiDl+vKjF/pICA354JImBImL9XJWUvdQ=="
    }
  }
}
